// !$*UTF8*$!
{
	archiveVersion = 1;
	classes = {
	};
	objectVersion = 51;
	objects = {

/* Begin PBXBuildFile section */
		36265DEFDB83D946F5365A21 /* Pods_UILibrary.framework in Frameworks */ = {isa = PBXBuildFile; fileRef = EF9F94D30A6AF5262A38369B /* Pods_UILibrary.framework */; };
		9FAA0B8126B53F300035532F /* KeyboardPickerView.swift in Sources */ = {isa = PBXBuildFile; fileRef = 9FAA0B8026B53F300035532F /* KeyboardPickerView.swift */; };
		9FAA0B8426B547700035532F /* KeyboardPickerDemoView.swift in Sources */ = {isa = PBXBuildFile; fileRef = 9FAA0B8326B547700035532F /* KeyboardPickerDemoView.swift */; };
		9FAA0B8726B547840035532F /* KeyboardPickerDemoViewController.swift in Sources */ = {isa = PBXBuildFile; fileRef = 9FAA0B8626B547840035532F /* KeyboardPickerDemoViewController.swift */; };
		9FDDCEC826B5303F0008C20B /* AppDelegate.swift in Sources */ = {isa = PBXBuildFile; fileRef = 9FDDCEC726B5303F0008C20B /* AppDelegate.swift */; };
		9FDDCED126B530400008C20B /* Assets.xcassets in Resources */ = {isa = PBXBuildFile; fileRef = 9FDDCED026B530400008C20B /* Assets.xcassets */; };
		9FDDCED426B530400008C20B /* LaunchScreen.storyboard in Resources */ = {isa = PBXBuildFile; fileRef = 9FDDCED226B530400008C20B /* LaunchScreen.storyboard */; };
		9FDDCEED26B5346A0008C20B /* BaseViewController.swift in Sources */ = {isa = PBXBuildFile; fileRef = 9FDDCEEC26B5346A0008C20B /* BaseViewController.swift */; };
		9FDDCEF426B534BB0008C20B /* MainView.swift in Sources */ = {isa = PBXBuildFile; fileRef = 9FDDCEF326B534BB0008C20B /* MainView.swift */; };
		9FDDCEFB26B535790008C20B /* MainCell.swift in Sources */ = {isa = PBXBuildFile; fileRef = 9FDDCEFA26B535790008C20B /* MainCell.swift */; };
		9FDDCEFE26B5365D0008C20B /* MainViewController.swift in Sources */ = {isa = PBXBuildFile; fileRef = 9FDDCEFD26B5365D0008C20B /* MainViewController.swift */; };
		9FDDCF0126B536FB0008C20B /* MainModel.swift in Sources */ = {isa = PBXBuildFile; fileRef = 9FDDCF0026B536FB0008C20B /* MainModel.swift */; };
/* End PBXBuildFile section */

/* Begin PBXFileReference section */
		2430C6784E49FA95BCFE9A05 /* Pods-UILibrary.debug.xcconfig */ = {isa = PBXFileReference; includeInIndex = 1; lastKnownFileType = text.xcconfig; name = "Pods-UILibrary.debug.xcconfig"; path = "Target Support Files/Pods-UILibrary/Pods-UILibrary.debug.xcconfig"; sourceTree = "<group>"; };
		3F8DDF6B560126C3AA03F194 /* Pods-UILibrary.release.xcconfig */ = {isa = PBXFileReference; includeInIndex = 1; lastKnownFileType = text.xcconfig; name = "Pods-UILibrary.release.xcconfig"; path = "Target Support Files/Pods-UILibrary/Pods-UILibrary.release.xcconfig"; sourceTree = "<group>"; };
		9FAA0B8026B53F300035532F /* KeyboardPickerView.swift */ = {isa = PBXFileReference; lastKnownFileType = sourcecode.swift; path = KeyboardPickerView.swift; sourceTree = "<group>"; };
		9FAA0B8326B547700035532F /* KeyboardPickerDemoView.swift */ = {isa = PBXFileReference; lastKnownFileType = sourcecode.swift; path = KeyboardPickerDemoView.swift; sourceTree = "<group>"; };
		9FAA0B8626B547840035532F /* KeyboardPickerDemoViewController.swift */ = {isa = PBXFileReference; lastKnownFileType = sourcecode.swift; path = KeyboardPickerDemoViewController.swift; sourceTree = "<group>"; };
		9FDDCEC426B5303F0008C20B /* UILibrary.app */ = {isa = PBXFileReference; explicitFileType = wrapper.application; includeInIndex = 0; path = UILibrary.app; sourceTree = BUILT_PRODUCTS_DIR; };
		9FDDCEC726B5303F0008C20B /* AppDelegate.swift */ = {isa = PBXFileReference; lastKnownFileType = sourcecode.swift; path = AppDelegate.swift; sourceTree = "<group>"; };
		9FDDCED026B530400008C20B /* Assets.xcassets */ = {isa = PBXFileReference; lastKnownFileType = folder.assetcatalog; path = Assets.xcassets; sourceTree = "<group>"; };
		9FDDCED326B530400008C20B /* Base */ = {isa = PBXFileReference; lastKnownFileType = file.storyboard; name = Base; path = Base.lproj/LaunchScreen.storyboard; sourceTree = "<group>"; };
		9FDDCED526B530400008C20B /* Info.plist */ = {isa = PBXFileReference; lastKnownFileType = text.plist.xml; path = Info.plist; sourceTree = "<group>"; };
		9FDDCEEC26B5346A0008C20B /* BaseViewController.swift */ = {isa = PBXFileReference; lastKnownFileType = sourcecode.swift; path = BaseViewController.swift; sourceTree = "<group>"; };
		9FDDCEF326B534BB0008C20B /* MainView.swift */ = {isa = PBXFileReference; lastKnownFileType = sourcecode.swift; path = MainView.swift; sourceTree = "<group>"; };
		9FDDCEFA26B535790008C20B /* MainCell.swift */ = {isa = PBXFileReference; lastKnownFileType = sourcecode.swift; path = MainCell.swift; sourceTree = "<group>"; };
		9FDDCEFD26B5365D0008C20B /* MainViewController.swift */ = {isa = PBXFileReference; lastKnownFileType = sourcecode.swift; path = MainViewController.swift; sourceTree = "<group>"; };
		9FDDCF0026B536FB0008C20B /* MainModel.swift */ = {isa = PBXFileReference; lastKnownFileType = sourcecode.swift; path = MainModel.swift; sourceTree = "<group>"; };
		EF9F94D30A6AF5262A38369B /* Pods_UILibrary.framework */ = {isa = PBXFileReference; explicitFileType = wrapper.framework; includeInIndex = 0; path = Pods_UILibrary.framework; sourceTree = BUILT_PRODUCTS_DIR; };
/* End PBXFileReference section */

/* Begin PBXFrameworksBuildPhase section */
		9FDDCEC126B5303F0008C20B /* Frameworks */ = {
			isa = PBXFrameworksBuildPhase;
			buildActionMask = 2147483647;
			files = (
				36265DEFDB83D946F5365A21 /* Pods_UILibrary.framework in Frameworks */,
			);
			runOnlyForDeploymentPostprocessing = 0;
		};
/* End PBXFrameworksBuildPhase section */

/* Begin PBXGroup section */
		0AB25279E7F6AA1E8F166979 /* Frameworks */ = {
			isa = PBXGroup;
			children = (
				EF9F94D30A6AF5262A38369B /* Pods_UILibrary.framework */,
			);
			name = Frameworks;
			sourceTree = "<group>";
		};
		598EBB27A9AC5D41F387E418 /* Pods */ = {
			isa = PBXGroup;
			children = (
				2430C6784E49FA95BCFE9A05 /* Pods-UILibrary.debug.xcconfig */,
				3F8DDF6B560126C3AA03F194 /* Pods-UILibrary.release.xcconfig */,
			);
			path = Pods;
			sourceTree = "<group>";
		};
		9FAA0B7726B53CEA0035532F /* KeyboardPickerView */ = {
			isa = PBXGroup;
			children = (
				9FAA0B7A26B53D4A0035532F /* Controller */,
				9FAA0B7926B53D450035532F /* View */,
				9FAA0B7826B53D330035532F /* Source */,
			);
			path = KeyboardPickerView;
			sourceTree = "<group>";
		};
		9FAA0B7826B53D330035532F /* Source */ = {
			isa = PBXGroup;
			children = (
				9FAA0B8026B53F300035532F /* KeyboardPickerView.swift */,
			);
			path = Source;
			sourceTree = "<group>";
		};
		9FAA0B7926B53D450035532F /* View */ = {
			isa = PBXGroup;
			children = (
				9FAA0B8326B547700035532F /* KeyboardPickerDemoView.swift */,
			);
			path = View;
			sourceTree = "<group>";
		};
		9FAA0B7A26B53D4A0035532F /* Controller */ = {
			isa = PBXGroup;
			children = (
				9FAA0B8626B547840035532F /* KeyboardPickerDemoViewController.swift */,
			);
			path = Controller;
			sourceTree = "<group>";
		};
		9FDDCEBB26B5303F0008C20B = {
			isa = PBXGroup;
			children = (
				9FDDCEC626B5303F0008C20B /* UILibrary */,
				9FDDCEC526B5303F0008C20B /* Products */,
				598EBB27A9AC5D41F387E418 /* Pods */,
				0AB25279E7F6AA1E8F166979 /* Frameworks */,
			);
			sourceTree = "<group>";
		};
		9FDDCEC526B5303F0008C20B /* Products */ = {
			isa = PBXGroup;
			children = (
				9FDDCEC426B5303F0008C20B /* UILibrary.app */,
			);
			name = Products;
			sourceTree = "<group>";
		};
		9FDDCEC626B5303F0008C20B /* UILibrary */ = {
			isa = PBXGroup;
			children = (
				9FDDCEC726B5303F0008C20B /* AppDelegate.swift */,
				9FDDCED226B530400008C20B /* LaunchScreen.storyboard */,
				9FDDCEE826B533EF0008C20B /* Base */,
				9FDDCF0526B539340008C20B /* Main */,
				9FAA0B7726B53CEA0035532F /* KeyboardPickerView */,
				9FDDCEDF26B531330008C20B /* Resource */,
			);
			path = UILibrary;
			sourceTree = "<group>";
		};
		9FDDCEDF26B531330008C20B /* Resource */ = {
			isa = PBXGroup;
			children = (
				9FDDCED026B530400008C20B /* Assets.xcassets */,
				9FDDCED526B530400008C20B /* Info.plist */,
			);
			path = Resource;
			sourceTree = "<group>";
		};
		9FDDCEE826B533EF0008C20B /* Base */ = {
			isa = PBXGroup;
			children = (
				9FDDCEEC26B5346A0008C20B /* BaseViewController.swift */,
			);
			path = Base;
			sourceTree = "<group>";
		};
		9FDDCEE926B533F80008C20B /* Controller */ = {
			isa = PBXGroup;
			children = (
				9FDDCEFD26B5365D0008C20B /* MainViewController.swift */,
			);
			path = Controller;
			sourceTree = "<group>";
		};
		9FDDCEEA26B5340D0008C20B /* View */ = {
			isa = PBXGroup;
			children = (
				9FDDCEF326B534BB0008C20B /* MainView.swift */,
				9FDDCEFA26B535790008C20B /* MainCell.swift */,
			);
			path = View;
			sourceTree = "<group>";
		};
		9FDDCEEB26B534190008C20B /* Model */ = {
			isa = PBXGroup;
			children = (
				9FDDCF0026B536FB0008C20B /* MainModel.swift */,
			);
			path = Model;
			sourceTree = "<group>";
		};
		9FDDCF0526B539340008C20B /* Main */ = {
			isa = PBXGroup;
			children = (
				9FDDCEE926B533F80008C20B /* Controller */,
				9FDDCEEA26B5340D0008C20B /* View */,
				9FDDCEEB26B534190008C20B /* Model */,
			);
			path = Main;
			sourceTree = "<group>";
		};
/* End PBXGroup section */

/* Begin PBXNativeTarget section */
		9FDDCEC326B5303F0008C20B /* UILibrary */ = {
			isa = PBXNativeTarget;
			buildConfigurationList = 9FDDCED826B530400008C20B /* Build configuration list for PBXNativeTarget "UILibrary" */;
			buildPhases = (
				296DF726BB5DFBFE535CA02B /* [CP] Check Pods Manifest.lock */,
				9FDDCEC026B5303F0008C20B /* Sources */,
				9FDDCEC126B5303F0008C20B /* Frameworks */,
				9FDDCEC226B5303F0008C20B /* Resources */,
				298DE80FD2832F57B1B26B09 /* [CP] Embed Pods Frameworks */,
			);
			buildRules = (
			);
			dependencies = (
			);
			name = UILibrary;
			productName = UILibrary;
			productReference = 9FDDCEC426B5303F0008C20B /* UILibrary.app */;
			productType = "com.apple.product-type.application";
		};
/* End PBXNativeTarget section */

/* Begin PBXProject section */
		9FDDCEBC26B5303F0008C20B /* Project object */ = {
			isa = PBXProject;
			attributes = {
				LastSwiftUpdateCheck = 1230;
				LastUpgradeCheck = 1230;
				TargetAttributes = {
					9FDDCEC326B5303F0008C20B = {
						CreatedOnToolsVersion = 12.3;
					};
				};
			};
			buildConfigurationList = 9FDDCEBF26B5303F0008C20B /* Build configuration list for PBXProject "UILibrary" */;
			compatibilityVersion = "Xcode 9.3";
			developmentRegion = en;
			hasScannedForEncodings = 0;
			knownRegions = (
				en,
				Base,
			);
			mainGroup = 9FDDCEBB26B5303F0008C20B;
			productRefGroup = 9FDDCEC526B5303F0008C20B /* Products */;
			projectDirPath = "";
			projectRoot = "";
			targets = (
				9FDDCEC326B5303F0008C20B /* UILibrary */,
			);
		};
/* End PBXProject section */

/* Begin PBXResourcesBuildPhase section */
		9FDDCEC226B5303F0008C20B /* Resources */ = {
			isa = PBXResourcesBuildPhase;
			buildActionMask = 2147483647;
			files = (
				9FDDCED426B530400008C20B /* LaunchScreen.storyboard in Resources */,
				9FDDCED126B530400008C20B /* Assets.xcassets in Resources */,
			);
			runOnlyForDeploymentPostprocessing = 0;
		};
/* End PBXResourcesBuildPhase section */

/* Begin PBXShellScriptBuildPhase section */
		296DF726BB5DFBFE535CA02B /* [CP] Check Pods Manifest.lock */ = {
			isa = PBXShellScriptBuildPhase;
			buildActionMask = 2147483647;
			files = (
			);
			inputFileListPaths = (
			);
			inputPaths = (
				"${PODS_PODFILE_DIR_PATH}/Podfile.lock",
				"${PODS_ROOT}/Manifest.lock",
			);
			name = "[CP] Check Pods Manifest.lock";
			outputFileListPaths = (
			);
			outputPaths = (
				"$(DERIVED_FILE_DIR)/Pods-UILibrary-checkManifestLockResult.txt",
			);
			runOnlyForDeploymentPostprocessing = 0;
			shellPath = /bin/sh;
			shellScript = "diff \"${PODS_PODFILE_DIR_PATH}/Podfile.lock\" \"${PODS_ROOT}/Manifest.lock\" > /dev/null\nif [ $? != 0 ] ; then\n    # print error to STDERR\n    echo \"error: The sandbox is not in sync with the Podfile.lock. Run 'pod install' or update your CocoaPods installation.\" >&2\n    exit 1\nfi\n# This output is used by Xcode 'outputs' to avoid re-running this script phase.\necho \"SUCCESS\" > \"${SCRIPT_OUTPUT_FILE_0}\"\n";
			showEnvVarsInLog = 0;
		};
		298DE80FD2832F57B1B26B09 /* [CP] Embed Pods Frameworks */ = {
			isa = PBXShellScriptBuildPhase;
			buildActionMask = 2147483647;
			files = (
			);
			inputFileListPaths = (
				"${PODS_ROOT}/Target Support Files/Pods-UILibrary/Pods-UILibrary-frameworks-${CONFIGURATION}-input-files.xcfilelist",
			);
			name = "[CP] Embed Pods Frameworks";
			outputFileListPaths = (
				"${PODS_ROOT}/Target Support Files/Pods-UILibrary/Pods-UILibrary-frameworks-${CONFIGURATION}-output-files.xcfilelist",
			);
			runOnlyForDeploymentPostprocessing = 0;
			shellPath = /bin/sh;
			shellScript = "\"${PODS_ROOT}/Target Support Files/Pods-UILibrary/Pods-UILibrary-frameworks.sh\"\n";
			showEnvVarsInLog = 0;
		};
/* End PBXShellScriptBuildPhase section */

/* Begin PBXSourcesBuildPhase section */
		9FDDCEC026B5303F0008C20B /* Sources */ = {
			isa = PBXSourcesBuildPhase;
			buildActionMask = 2147483647;
			files = (
				9FAA0B8726B547840035532F /* KeyboardPickerDemoViewController.swift in Sources */,
				9FDDCEF426B534BB0008C20B /* MainView.swift in Sources */,
				9FAA0B8126B53F300035532F /* KeyboardPickerView.swift in Sources */,
				9FDDCEC826B5303F0008C20B /* AppDelegate.swift in Sources */,
				9FDDCF0126B536FB0008C20B /* MainModel.swift in Sources */,
				9FDDCEFE26B5365D0008C20B /* MainViewController.swift in Sources */,
				9FDDCEED26B5346A0008C20B /* BaseViewController.swift in Sources */,
				9FAA0B8426B547700035532F /* KeyboardPickerDemoView.swift in Sources */,
				9FDDCEFB26B535790008C20B /* MainCell.swift in Sources */,
			);
			runOnlyForDeploymentPostprocessing = 0;
		};
/* End PBXSourcesBuildPhase section */

/* Begin PBXVariantGroup section */
		9FDDCED226B530400008C20B /* LaunchScreen.storyboard */ = {
			isa = PBXVariantGroup;
			children = (
				9FDDCED326B530400008C20B /* Base */,
			);
			name = LaunchScreen.storyboard;
			sourceTree = "<group>";
		};
/* End PBXVariantGroup section */

/* Begin XCBuildConfiguration section */
		9FDDCED626B530400008C20B /* Debug */ = {
			isa = XCBuildConfiguration;
			buildSettings = {
				ALWAYS_SEARCH_USER_PATHS = NO;
				CLANG_ANALYZER_NONNULL = YES;
				CLANG_ANALYZER_NUMBER_OBJECT_CONVERSION = YES_AGGRESSIVE;
				CLANG_CXX_LANGUAGE_STANDARD = "gnu++14";
				CLANG_CXX_LIBRARY = "libc++";
				CLANG_ENABLE_MODULES = YES;
				CLANG_ENABLE_OBJC_ARC = YES;
				CLANG_ENABLE_OBJC_WEAK = YES;
				CLANG_WARN_BLOCK_CAPTURE_AUTORELEASING = YES;
				CLANG_WARN_BOOL_CONVERSION = YES;
				CLANG_WARN_COMMA = YES;
				CLANG_WARN_CONSTANT_CONVERSION = YES;
				CLANG_WARN_DEPRECATED_OBJC_IMPLEMENTATIONS = YES;
				CLANG_WARN_DIRECT_OBJC_ISA_USAGE = YES_ERROR;
				CLANG_WARN_DOCUMENTATION_COMMENTS = YES;
				CLANG_WARN_EMPTY_BODY = YES;
				CLANG_WARN_ENUM_CONVERSION = YES;
				CLANG_WARN_INFINITE_RECURSION = YES;
				CLANG_WARN_INT_CONVERSION = YES;
				CLANG_WARN_NON_LITERAL_NULL_CONVERSION = YES;
				CLANG_WARN_OBJC_IMPLICIT_RETAIN_SELF = YES;
				CLANG_WARN_OBJC_LITERAL_CONVERSION = YES;
				CLANG_WARN_OBJC_ROOT_CLASS = YES_ERROR;
				CLANG_WARN_QUOTED_INCLUDE_IN_FRAMEWORK_HEADER = YES;
				CLANG_WARN_RANGE_LOOP_ANALYSIS = YES;
				CLANG_WARN_STRICT_PROTOTYPES = YES;
				CLANG_WARN_SUSPICIOUS_MOVE = YES;
				CLANG_WARN_UNGUARDED_AVAILABILITY = YES_AGGRESSIVE;
				CLANG_WARN_UNREACHABLE_CODE = YES;
				CLANG_WARN__DUPLICATE_METHOD_MATCH = YES;
				COPY_PHASE_STRIP = NO;
				DEBUG_INFORMATION_FORMAT = dwarf;
				ENABLE_STRICT_OBJC_MSGSEND = YES;
				ENABLE_TESTABILITY = YES;
				GCC_C_LANGUAGE_STANDARD = gnu11;
				GCC_DYNAMIC_NO_PIC = NO;
				GCC_NO_COMMON_BLOCKS = YES;
				GCC_OPTIMIZATION_LEVEL = 0;
				GCC_PREPROCESSOR_DEFINITIONS = (
					"DEBUG=1",
					"$(inherited)",
				);
				GCC_WARN_64_TO_32_BIT_CONVERSION = YES;
				GCC_WARN_ABOUT_RETURN_TYPE = YES_ERROR;
				GCC_WARN_UNDECLARED_SELECTOR = YES;
				GCC_WARN_UNINITIALIZED_AUTOS = YES_AGGRESSIVE;
				GCC_WARN_UNUSED_FUNCTION = YES;
				GCC_WARN_UNUSED_VARIABLE = YES;
				IPHONEOS_DEPLOYMENT_TARGET = 14.3;
				MTL_ENABLE_DEBUG_INFO = INCLUDE_SOURCE;
				MTL_FAST_MATH = YES;
				ONLY_ACTIVE_ARCH = YES;
				SDKROOT = iphoneos;
				SWIFT_ACTIVE_COMPILATION_CONDITIONS = DEBUG;
				SWIFT_OPTIMIZATION_LEVEL = "-Onone";
			};
			name = Debug;
		};
		9FDDCED726B530400008C20B /* Release */ = {
			isa = XCBuildConfiguration;
			buildSettings = {
				ALWAYS_SEARCH_USER_PATHS = NO;
				CLANG_ANALYZER_NONNULL = YES;
				CLANG_ANALYZER_NUMBER_OBJECT_CONVERSION = YES_AGGRESSIVE;
				CLANG_CXX_LANGUAGE_STANDARD = "gnu++14";
				CLANG_CXX_LIBRARY = "libc++";
				CLANG_ENABLE_MODULES = YES;
				CLANG_ENABLE_OBJC_ARC = YES;
				CLANG_ENABLE_OBJC_WEAK = YES;
				CLANG_WARN_BLOCK_CAPTURE_AUTORELEASING = YES;
				CLANG_WARN_BOOL_CONVERSION = YES;
				CLANG_WARN_COMMA = YES;
				CLANG_WARN_CONSTANT_CONVERSION = YES;
				CLANG_WARN_DEPRECATED_OBJC_IMPLEMENTATIONS = YES;
				CLANG_WARN_DIRECT_OBJC_ISA_USAGE = YES_ERROR;
				CLANG_WARN_DOCUMENTATION_COMMENTS = YES;
				CLANG_WARN_EMPTY_BODY = YES;
				CLANG_WARN_ENUM_CONVERSION = YES;
				CLANG_WARN_INFINITE_RECURSION = YES;
				CLANG_WARN_INT_CONVERSION = YES;
				CLANG_WARN_NON_LITERAL_NULL_CONVERSION = YES;
				CLANG_WARN_OBJC_IMPLICIT_RETAIN_SELF = YES;
				CLANG_WARN_OBJC_LITERAL_CONVERSION = YES;
				CLANG_WARN_OBJC_ROOT_CLASS = YES_ERROR;
				CLANG_WARN_QUOTED_INCLUDE_IN_FRAMEWORK_HEADER = YES;
				CLANG_WARN_RANGE_LOOP_ANALYSIS = YES;
				CLANG_WARN_STRICT_PROTOTYPES = YES;
				CLANG_WARN_SUSPICIOUS_MOVE = YES;
				CLANG_WARN_UNGUARDED_AVAILABILITY = YES_AGGRESSIVE;
				CLANG_WARN_UNREACHABLE_CODE = YES;
				CLANG_WARN__DUPLICATE_METHOD_MATCH = YES;
				COPY_PHASE_STRIP = NO;
				DEBUG_INFORMATION_FORMAT = "dwarf-with-dsym";
				ENABLE_NS_ASSERTIONS = NO;
				ENABLE_STRICT_OBJC_MSGSEND = YES;
				GCC_C_LANGUAGE_STANDARD = gnu11;
				GCC_NO_COMMON_BLOCKS = YES;
				GCC_WARN_64_TO_32_BIT_CONVERSION = YES;
				GCC_WARN_ABOUT_RETURN_TYPE = YES_ERROR;
				GCC_WARN_UNDECLARED_SELECTOR = YES;
				GCC_WARN_UNINITIALIZED_AUTOS = YES_AGGRESSIVE;
				GCC_WARN_UNUSED_FUNCTION = YES;
				GCC_WARN_UNUSED_VARIABLE = YES;
				IPHONEOS_DEPLOYMENT_TARGET = 14.3;
				MTL_ENABLE_DEBUG_INFO = NO;
				MTL_FAST_MATH = YES;
				SDKROOT = iphoneos;
				SWIFT_COMPILATION_MODE = wholemodule;
				SWIFT_OPTIMIZATION_LEVEL = "-O";
				VALIDATE_PRODUCT = YES;
			};
			name = Release;
		};
		9FDDCED926B530400008C20B /* Debug */ = {
			isa = XCBuildConfiguration;
			baseConfigurationReference = 2430C6784E49FA95BCFE9A05 /* Pods-UILibrary.debug.xcconfig */;
			buildSettings = {
				ASSETCATALOG_COMPILER_APPICON_NAME = AppIcon;
				ASSETCATALOG_COMPILER_GLOBAL_ACCENT_COLOR_NAME = AccentColor;
				CODE_SIGN_STYLE = Automatic;
				DEVELOPMENT_TEAM = E3CE76ZT7U;
				INFOPLIST_FILE = "$(SRCROOT)/UILibrary/Resource/Info.plist";
				IPHONEOS_DEPLOYMENT_TARGET = 11.0;
				LD_RUNPATH_SEARCH_PATHS = (
					"$(inherited)",
					"@executable_path/Frameworks",
				);
				PRODUCT_BUNDLE_IDENTIFIER = Teddy.UILibrary;
				PRODUCT_NAME = "$(TARGET_NAME)";
				SWIFT_VERSION = 5.0;
				TARGETED_DEVICE_FAMILY = 1;
			};
			name = Debug;
		};
		9FDDCEDA26B530400008C20B /* Release */ = {
			isa = XCBuildConfiguration;
			baseConfigurationReference = 3F8DDF6B560126C3AA03F194 /* Pods-UILibrary.release.xcconfig */;
			buildSettings = {
				ASSETCATALOG_COMPILER_APPICON_NAME = AppIcon;
				ASSETCATALOG_COMPILER_GLOBAL_ACCENT_COLOR_NAME = AccentColor;
				CODE_SIGN_STYLE = Automatic;
				DEVELOPMENT_TEAM = E3CE76ZT7U;
				INFOPLIST_FILE = "$(SRCROOT)/UILibrary/Resource/Info.plist";
				IPHONEOS_DEPLOYMENT_TARGET = 11.0;
				LD_RUNPATH_SEARCH_PATHS = (
					"$(inherited)",
					"@executable_path/Frameworks",
				);
				PRODUCT_BUNDLE_IDENTIFIER = Teddy.UILibrary;
				PRODUCT_NAME = "$(TARGET_NAME)";
				SWIFT_VERSION = 5.0;
				TARGETED_DEVICE_FAMILY = 1;
			};
			name = Release;
		};
/* End XCBuildConfiguration section */

/* Begin XCConfigurationList section */
		9FDDCEBF26B5303F0008C20B /* Build configuration list for PBXProject "UILibrary" */ = {
			isa = XCConfigurationList;
			buildConfigurations = (
				9FDDCED626B530400008C20B /* Debug */,
				9FDDCED726B530400008C20B /* Release */,
			);
			defaultConfigurationIsVisible = 0;
			defaultConfigurationName = Release;
		};
		9FDDCED826B530400008C20B /* Build configuration list for PBXNativeTarget "UILibrary" */ = {
			isa = XCConfigurationList;
			buildConfigurations = (
				9FDDCED926B530400008C20B /* Debug */,
				9FDDCEDA26B530400008C20B /* Release */,
			);
			defaultConfigurationIsVisible = 0;
			defaultConfigurationName = Release;
		};
/* End XCConfigurationList section */
	};
	rootObject = 9FDDCEBC26B5303F0008C20B /* Project object */;
}
